# THIS IS AN AUTOGENERATED FILE. DO NOT EDIT THIS FILE DIRECTLY.
# yarn lockfile v1


react-countdown-circle-timer@^3.2.1:
  version "3.2.1"
  resolved "https://registry.yarnpkg.com/react-countdown-circle-timer/-/react-countdown-circle-timer-3.2.1.tgz#5d3a3560e1b5b501356e733e76d269506611a0ab"
  integrity sha512-yBAy/9ILXOiFbLBM+3jS72TW5LeRcH8wkRC9NNqMpUkCXkGjSnaeRbJMsR9lsYF0oVXjSDbJaRbCuVMT+9HnKA==
